Microsoft Visual Studio Solution File, Format Version 12.00
# Visual Studio Version 17
VisualStudioVersion = 17.5.2.0
MinimumVisualStudioVersion = 10.0.40219.1
Project("{FAE04EC0-301F-11D3-BF4B-00C04F79EFBC}") = "HelloSalt", "HelloSalt.csproj", "{6ABAD197-D4B2-9509-7B81-E1877555EEBC}"
EndProject
Global
	GlobalSection(SolutionConfigurationPlatforms) = preSolution
		Debug|Any CPU = Debug|Any CPU
		Release|Any CPU = Release|Any CPU
	EndGlobalSection
	GlobalSection(ProjectConfigurationPlatforms) = postSolution
		{6ABAD197-D4B2-9509-7B81-E1877555EEBC}.Debug|Any CPU.ActiveCfg = Debug|Any CPU
		{6ABAD197-D4B2-9509-7B81-E1877555EEBC}.Debug|Any CPU.Build.0 = Debug|Any CPU
		{6ABAD197-D4B2-9509-7B81-E1877555EEBC}.Release|Any CPU.ActiveCfg = Release|Any CPU
		{6ABAD197-D4B2-9509-7B81-E1877555EEBC}.Release|Any CPU.Build.0 = Release|Any CPU
	EndGlobalSection
	GlobalSection(SolutionProperties) = preSolution
		HideSolutionNode = FALSE
	EndGlobalSection
	GlobalSection(ExtensibilityGlobals) = postSolution
		SolutionGuid = {38831E60-A008-477E-8515-BAD5FF0CAFD1}
	EndGlobalSection
EndGlobal
